
Microsoft Visual Studio Solution File, Format Version 12.00
# Visual Studio Version 16
VisualStudioVersion = 16.0.31613.86
MinimumVisualStudioVersion = 10.0.40219.1
Project("{FAE04EC0-301F-11D3-BF4B-00C04F79EFBC}") = "controlPrestamos", "controlPrestamos\controlPrestamos.csproj", "{F20869A2-6B85-4ECD-99CA-38C6D08645EA}"
EndProject
Global
	GlobalSection(SolutionConfigurationPlatforms) = preSolution
		Debug|Any CPU = Debug|Any CPU
		Release|Any CPU = Release|Any CPU
	EndGlobalSection
	GlobalSection(ProjectConfigurationPlatforms) = postSolution
		{F20869A2-6B85-4ECD-99CA-38C6D08645EA}.Debug|Any CPU.ActiveCfg = Debug|Any CPU
		{F20869A2-6B85-4ECD-99CA-38C6D08645EA}.Debug|Any CPU.Build.0 = Debug|Any CPU
		{F20869A2-6B85-4ECD-99CA-38C6D08645EA}.Release|Any CPU.ActiveCfg = Release|Any CPU
		{F20869A2-6B85-4ECD-99CA-38C6D08645EA}.Release|Any CPU.Build.0 = Release|Any CPU
	EndGlobalSection
	GlobalSection(SolutionProperties) = preSolution
		HideSolutionNode = FALSE
	EndGlobalSection
	GlobalSection(ExtensibilityGlobals) = postSolution
		SolutionGuid = {6F319E73-8A46-4175-9A18-223D8F6C54E4}
	EndGlobalSection
EndGlobal
